
Microsoft Visual Studio Solution File, Format Version 12.00
# Visual Studio Version 17
VisualStudioVersion = 17.0.31903.59
MinimumVisualStudioVersion = 10.0.40219.1
Project("{2150E333-8FDC-42A3-9474-1A3956D46DE8}") = "src", "src", "{252637BC-543F-4114-8F69-ED5C31E8DDE0}"
EndProject
Project("{FAE04EC0-301F-11D3-BF4B-00C04F79EFBC}") = "AuctionService", "src\AuctionService\AuctionService.csproj", "{EF8AC942-3AC7-4F76-8C4B-26D3B6A65AE7}"
EndProject
Global
	GlobalSection(SolutionConfigurationPlatforms) = preSolution
		Debug|Any CPU = Debug|Any CPU
		Release|Any CPU = Release|Any CPU
	EndGlobalSection
	GlobalSection(SolutionProperties) = preSolution
		HideSolutionNode = FALSE
	EndGlobalSection
	GlobalSection(ProjectConfigurationPlatforms) = postSolution
		{EF8AC942-3AC7-4F76-8C4B-26D3B6A65AE7}.Debug|Any CPU.ActiveCfg = Debug|Any CPU
		{EF8AC942-3AC7-4F76-8C4B-26D3B6A65AE7}.Debug|Any CPU.Build.0 = Debug|Any CPU
		{EF8AC942-3AC7-4F76-8C4B-26D3B6A65AE7}.Release|Any CPU.ActiveCfg = Release|Any CPU
		{EF8AC942-3AC7-4F76-8C4B-26D3B6A65AE7}.Release|Any CPU.Build.0 = Release|Any CPU
	EndGlobalSection
	GlobalSection(NestedProjects) = preSolution
		{EF8AC942-3AC7-4F76-8C4B-26D3B6A65AE7} = {252637BC-543F-4114-8F69-ED5C31E8DDE0}
	EndGlobalSection
EndGlobal
