
Microsoft Visual Studio Solution File, Format Version 12.00
# Visual Studio Version 17
VisualStudioVersion = 17.0.31903.59
MinimumVisualStudioVersion = 10.0.40219.1
Project("{2150E333-8FDC-42A3-9474-1A3956D46DE8}") = "src", "src", "{252637BC-543F-4114-8F69-ED5C31E8DDE0}"
EndProject
Project("{FAE04EC0-301F-11D3-BF4B-00C04F79EFBC}") = "AuctionService", "src\AuctionService\AuctionService.csproj", "{EF8AC942-3AC7-4F76-8C4B-26D3B6A65AE7}"
EndProject
Project("{FAE04EC0-301F-11D3-BF4B-00C04F79EFBC}") = "SearchService", "src\SearchService\SearchService.csproj", "{53161AF9-52B4-4B7D-B2AF-DCD868BE91F0}"
EndProject
Project("{FAE04EC0-301F-11D3-BF4B-00C04F79EFBC}") = "Contracts", "src\Contracts\Contracts.csproj", "{DB7133E2-1B24-486A-B511-C622AC653E14}"
EndProject
Project("{FAE04EC0-301F-11D3-BF4B-00C04F79EFBC}") = "IdentityService", "src\IdentityService\IdentityService.csproj", "{085F2FD7-BAC0-4B79-85D6-04CD5B37DD61}"
EndProject
Project("{FAE04EC0-301F-11D3-BF4B-00C04F79EFBC}") = "GatewayService", "src\GatewayService\GatewayService.csproj", "{8B54228B-8D09-42BE-BC9C-16BA566B3036}"
EndProject
Global
	GlobalSection(SolutionConfigurationPlatforms) = preSolution
		Debug|Any CPU = Debug|Any CPU
		Release|Any CPU = Release|Any CPU
	EndGlobalSection
	GlobalSection(SolutionProperties) = preSolution
		HideSolutionNode = FALSE
	EndGlobalSection
	GlobalSection(ProjectConfigurationPlatforms) = postSolution
		{EF8AC942-3AC7-4F76-8C4B-26D3B6A65AE7}.Debug|Any CPU.ActiveCfg = Debug|Any CPU
		{EF8AC942-3AC7-4F76-8C4B-26D3B6A65AE7}.Debug|Any CPU.Build.0 = Debug|Any CPU
		{EF8AC942-3AC7-4F76-8C4B-26D3B6A65AE7}.Release|Any CPU.ActiveCfg = Release|Any CPU
		{EF8AC942-3AC7-4F76-8C4B-26D3B6A65AE7}.Release|Any CPU.Build.0 = Release|Any CPU
		{53161AF9-52B4-4B7D-B2AF-DCD868BE91F0}.Debug|Any CPU.ActiveCfg = Debug|Any CPU
		{53161AF9-52B4-4B7D-B2AF-DCD868BE91F0}.Debug|Any CPU.Build.0 = Debug|Any CPU
		{53161AF9-52B4-4B7D-B2AF-DCD868BE91F0}.Release|Any CPU.ActiveCfg = Release|Any CPU
		{53161AF9-52B4-4B7D-B2AF-DCD868BE91F0}.Release|Any CPU.Build.0 = Release|Any CPU
		{DB7133E2-1B24-486A-B511-C622AC653E14}.Debug|Any CPU.ActiveCfg = Debug|Any CPU
		{DB7133E2-1B24-486A-B511-C622AC653E14}.Debug|Any CPU.Build.0 = Debug|Any CPU
		{DB7133E2-1B24-486A-B511-C622AC653E14}.Release|Any CPU.ActiveCfg = Release|Any CPU
		{DB7133E2-1B24-486A-B511-C622AC653E14}.Release|Any CPU.Build.0 = Release|Any CPU
		{085F2FD7-BAC0-4B79-85D6-04CD5B37DD61}.Debug|Any CPU.ActiveCfg = Debug|Any CPU
		{085F2FD7-BAC0-4B79-85D6-04CD5B37DD61}.Debug|Any CPU.Build.0 = Debug|Any CPU
		{085F2FD7-BAC0-4B79-85D6-04CD5B37DD61}.Release|Any CPU.ActiveCfg = Release|Any CPU
		{085F2FD7-BAC0-4B79-85D6-04CD5B37DD61}.Release|Any CPU.Build.0 = Release|Any CPU
		{8B54228B-8D09-42BE-BC9C-16BA566B3036}.Debug|Any CPU.ActiveCfg = Debug|Any CPU
		{8B54228B-8D09-42BE-BC9C-16BA566B3036}.Debug|Any CPU.Build.0 = Debug|Any CPU
		{8B54228B-8D09-42BE-BC9C-16BA566B3036}.Release|Any CPU.ActiveCfg = Release|Any CPU
		{8B54228B-8D09-42BE-BC9C-16BA566B3036}.Release|Any CPU.Build.0 = Release|Any CPU
	EndGlobalSection
	GlobalSection(NestedProjects) = preSolution
		{EF8AC942-3AC7-4F76-8C4B-26D3B6A65AE7} = {252637BC-543F-4114-8F69-ED5C31E8DDE0}
		{53161AF9-52B4-4B7D-B2AF-DCD868BE91F0} = {252637BC-543F-4114-8F69-ED5C31E8DDE0}
		{DB7133E2-1B24-486A-B511-C622AC653E14} = {252637BC-543F-4114-8F69-ED5C31E8DDE0}
		{085F2FD7-BAC0-4B79-85D6-04CD5B37DD61} = {252637BC-543F-4114-8F69-ED5C31E8DDE0}
		{8B54228B-8D09-42BE-BC9C-16BA566B3036} = {252637BC-543F-4114-8F69-ED5C31E8DDE0}
	EndGlobalSection
EndGlobal
